
Microsoft Visual Studio Solution File, Format Version 12.00
# Visual Studio Version 17
VisualStudioVersion = 17.13.35931.197
MinimumVisualStudioVersion = 10.0.40219.1
Project("{FAE04EC0-301F-11D3-BF4B-00C04F79EFBC}") = "MultiThreadingExamples", "MultiThreadingExamples\MultiThreadingExamples.csproj", "{294A203C-A8D6-487E-9E06-E9DECED0B2B6}"
EndProject
Project("{FAE04EC0-301F-11D3-BF4B-00C04F79EFBC}") = "StateMachineDemo", "StateMachineDemo\StateMachineDemo.csproj", "{6F668A99-4EF2-4B3F-8C47-D678652004F7}"
EndProject
Global
	GlobalSection(SolutionConfigurationPlatforms) = preSolution
		Debug|Any CPU = Debug|Any CPU
		Release|Any CPU = Release|Any CPU
	EndGlobalSection
	GlobalSection(ProjectConfigurationPlatforms) = postSolution
		{294A203C-A8D6-487E-9E06-E9DECED0B2B6}.Debug|Any CPU.ActiveCfg = Debug|Any CPU
		{294A203C-A8D6-487E-9E06-E9DECED0B2B6}.Debug|Any CPU.Build.0 = Debug|Any CPU
		{294A203C-A8D6-487E-9E06-E9DECED0B2B6}.Release|Any CPU.ActiveCfg = Release|Any CPU
		{294A203C-A8D6-487E-9E06-E9DECED0B2B6}.Release|Any CPU.Build.0 = Release|Any CPU
		{6F668A99-4EF2-4B3F-8C47-D678652004F7}.Debug|Any CPU.ActiveCfg = Debug|Any CPU
		{6F668A99-4EF2-4B3F-8C47-D678652004F7}.Debug|Any CPU.Build.0 = Debug|Any CPU
		{6F668A99-4EF2-4B3F-8C47-D678652004F7}.Release|Any CPU.ActiveCfg = Release|Any CPU
		{6F668A99-4EF2-4B3F-8C47-D678652004F7}.Release|Any CPU.Build.0 = Release|Any CPU
	EndGlobalSection
	GlobalSection(SolutionProperties) = preSolution
		HideSolutionNode = FALSE
	EndGlobalSection
	GlobalSection(ExtensibilityGlobals) = postSolution
		SolutionGuid = {5E5596A2-6B43-4B46-A9FB-314BD8699281}
	EndGlobalSection
EndGlobal
